
Microsoft Visual Studio Solution File, Format Version 11.00
# Visual Studio 2010
Project("{FAE04EC0-301F-11D3-BF4B-00C04F79EFBC}") = "Microsoft.WindowsAzure.Messaging", "Microsoft.Windows.Azure.Messaging\Microsoft.WindowsAzure.Messaging.csproj", "{46A9E833-C885-4777-8BCD-B6A09369CF58}"
EndProject
Project("{FAE04EC0-301F-11D3-BF4B-00C04F79EFBC}") = "TestBindings", "TestBindings\TestBindings.csproj", "{7933CD04-0D8E-40A2-B412-52955A7441D3}"
EndProject
Project("{FAE04EC0-301F-11D3-BF4B-00C04F79EFBC}") = "TalkingGame", "TalkingGame\TalkingGame.csproj", "{E6FE0613-F205-432B-8D44-AF22C115441B}"
EndProject
Project("{FAE04EC0-301F-11D3-BF4B-00C04F79EFBC}") = "StartApp", "StartApp\StartApp.csproj", "{31FA9D08-2BF0-4CA9-A9A0-43C922CEC006}"
EndProject
Project("{FAE04EC0-301F-11D3-BF4B-00C04F79EFBC}") = "Chartboost", "Chartboost\Chartboost.csproj", "{0818B6AB-78D2-471F-A08E-3501A82056F5}"
EndProject
Global
	GlobalSection(SolutionConfigurationPlatforms) = preSolution
		Debug|Any CPU = Debug|Any CPU
		Release|Any CPU = Release|Any CPU
		Debug|iPhoneSimulator = Debug|iPhoneSimulator
		Release|iPhoneSimulator = Release|iPhoneSimulator
		Debug|iPhone = Debug|iPhone
		Release|iPhone = Release|iPhone
		Ad-Hoc|iPhone = Ad-Hoc|iPhone
		AppStore|iPhone = AppStore|iPhone
	EndGlobalSection
	GlobalSection(ProjectConfigurationPlatforms) = postSolution
		{0818B6AB-78D2-471F-A08E-3501A82056F5}.Ad-Hoc|iPhone.ActiveCfg = Release|Any CPU
		{0818B6AB-78D2-471F-A08E-3501A82056F5}.Ad-Hoc|iPhone.Build.0 = Release|Any CPU
		{0818B6AB-78D2-471F-A08E-3501A82056F5}.AppStore|iPhone.ActiveCfg = Release|Any CPU
		{0818B6AB-78D2-471F-A08E-3501A82056F5}.AppStore|iPhone.Build.0 = Release|Any CPU
		{0818B6AB-78D2-471F-A08E-3501A82056F5}.Debug|Any CPU.ActiveCfg = Debug|Any CPU
		{0818B6AB-78D2-471F-A08E-3501A82056F5}.Debug|Any CPU.Build.0 = Debug|Any CPU
		{0818B6AB-78D2-471F-A08E-3501A82056F5}.Debug|iPhone.ActiveCfg = Debug|Any CPU
		{0818B6AB-78D2-471F-A08E-3501A82056F5}.Debug|iPhone.Build.0 = Debug|Any CPU
		{0818B6AB-78D2-471F-A08E-3501A82056F5}.Debug|iPhoneSimulator.ActiveCfg = Debug|Any CPU
		{0818B6AB-78D2-471F-A08E-3501A82056F5}.Debug|iPhoneSimulator.Build.0 = Debug|Any CPU
		{0818B6AB-78D2-471F-A08E-3501A82056F5}.Release|Any CPU.ActiveCfg = Release|Any CPU
		{0818B6AB-78D2-471F-A08E-3501A82056F5}.Release|Any CPU.Build.0 = Release|Any CPU
		{0818B6AB-78D2-471F-A08E-3501A82056F5}.Release|iPhone.ActiveCfg = Release|Any CPU
		{0818B6AB-78D2-471F-A08E-3501A82056F5}.Release|iPhone.Build.0 = Release|Any CPU
		{0818B6AB-78D2-471F-A08E-3501A82056F5}.Release|iPhoneSimulator.ActiveCfg = Release|Any CPU
		{0818B6AB-78D2-471F-A08E-3501A82056F5}.Release|iPhoneSimulator.Build.0 = Release|Any CPU
		{31FA9D08-2BF0-4CA9-A9A0-43C922CEC006}.Ad-Hoc|iPhone.ActiveCfg = Release|Any CPU
		{31FA9D08-2BF0-4CA9-A9A0-43C922CEC006}.Ad-Hoc|iPhone.Build.0 = Release|Any CPU
		{31FA9D08-2BF0-4CA9-A9A0-43C922CEC006}.AppStore|iPhone.ActiveCfg = Release|Any CPU
		{31FA9D08-2BF0-4CA9-A9A0-43C922CEC006}.AppStore|iPhone.Build.0 = Release|Any CPU
		{31FA9D08-2BF0-4CA9-A9A0-43C922CEC006}.Debug|Any CPU.ActiveCfg = Debug|Any CPU
		{31FA9D08-2BF0-4CA9-A9A0-43C922CEC006}.Debug|Any CPU.Build.0 = Debug|Any CPU
		{31FA9D08-2BF0-4CA9-A9A0-43C922CEC006}.Debug|iPhone.ActiveCfg = Debug|Any CPU
		{31FA9D08-2BF0-4CA9-A9A0-43C922CEC006}.Debug|iPhone.Build.0 = Debug|Any CPU
		{31FA9D08-2BF0-4CA9-A9A0-43C922CEC006}.Debug|iPhoneSimulator.ActiveCfg = Debug|Any CPU
		{31FA9D08-2BF0-4CA9-A9A0-43C922CEC006}.Debug|iPhoneSimulator.Build.0 = Debug|Any CPU
		{31FA9D08-2BF0-4CA9-A9A0-43C922CEC006}.Release|Any CPU.ActiveCfg = Release|Any CPU
		{31FA9D08-2BF0-4CA9-A9A0-43C922CEC006}.Release|Any CPU.Build.0 = Release|Any CPU
		{31FA9D08-2BF0-4CA9-A9A0-43C922CEC006}.Release|iPhone.ActiveCfg = Release|Any CPU
		{31FA9D08-2BF0-4CA9-A9A0-43C922CEC006}.Release|iPhone.Build.0 = Release|Any CPU
		{31FA9D08-2BF0-4CA9-A9A0-43C922CEC006}.Release|iPhoneSimulator.ActiveCfg = Release|Any CPU
		{31FA9D08-2BF0-4CA9-A9A0-43C922CEC006}.Release|iPhoneSimulator.Build.0 = Release|Any CPU
		{46A9E833-C885-4777-8BCD-B6A09369CF58}.Ad-Hoc|iPhone.ActiveCfg = Debug|Any CPU
		{46A9E833-C885-4777-8BCD-B6A09369CF58}.Ad-Hoc|iPhone.Build.0 = Debug|Any CPU
		{46A9E833-C885-4777-8BCD-B6A09369CF58}.AppStore|iPhone.ActiveCfg = Debug|Any CPU
		{46A9E833-C885-4777-8BCD-B6A09369CF58}.AppStore|iPhone.Build.0 = Debug|Any CPU
		{46A9E833-C885-4777-8BCD-B6A09369CF58}.Debug|Any CPU.ActiveCfg = Debug|Any CPU
		{46A9E833-C885-4777-8BCD-B6A09369CF58}.Debug|Any CPU.Build.0 = Debug|Any CPU
		{46A9E833-C885-4777-8BCD-B6A09369CF58}.Debug|iPhone.ActiveCfg = Debug|Any CPU
		{46A9E833-C885-4777-8BCD-B6A09369CF58}.Debug|iPhone.Build.0 = Debug|Any CPU
		{46A9E833-C885-4777-8BCD-B6A09369CF58}.Debug|iPhoneSimulator.ActiveCfg = Debug|Any CPU
		{46A9E833-C885-4777-8BCD-B6A09369CF58}.Debug|iPhoneSimulator.Build.0 = Debug|Any CPU
		{46A9E833-C885-4777-8BCD-B6A09369CF58}.Release|Any CPU.ActiveCfg = Release|Any CPU
		{46A9E833-C885-4777-8BCD-B6A09369CF58}.Release|Any CPU.Build.0 = Release|Any CPU
		{46A9E833-C885-4777-8BCD-B6A09369CF58}.Release|iPhone.ActiveCfg = Release|Any CPU
		{46A9E833-C885-4777-8BCD-B6A09369CF58}.Release|iPhone.Build.0 = Release|Any CPU
		{46A9E833-C885-4777-8BCD-B6A09369CF58}.Release|iPhoneSimulator.ActiveCfg = Release|Any CPU
		{46A9E833-C885-4777-8BCD-B6A09369CF58}.Release|iPhoneSimulator.Build.0 = Release|Any CPU
		{7933CD04-0D8E-40A2-B412-52955A7441D3}.Ad-Hoc|iPhone.ActiveCfg = Ad-Hoc|iPhone
		{7933CD04-0D8E-40A2-B412-52955A7441D3}.Ad-Hoc|iPhone.Build.0 = Ad-Hoc|iPhone
		{7933CD04-0D8E-40A2-B412-52955A7441D3}.AppStore|iPhone.ActiveCfg = AppStore|iPhone
		{7933CD04-0D8E-40A2-B412-52955A7441D3}.AppStore|iPhone.Build.0 = AppStore|iPhone
		{7933CD04-0D8E-40A2-B412-52955A7441D3}.Debug|Any CPU.ActiveCfg = Debug|iPhoneSimulator
		{7933CD04-0D8E-40A2-B412-52955A7441D3}.Debug|Any CPU.Build.0 = Debug|iPhoneSimulator
		{7933CD04-0D8E-40A2-B412-52955A7441D3}.Debug|iPhone.ActiveCfg = Debug|iPhone
		{7933CD04-0D8E-40A2-B412-52955A7441D3}.Debug|iPhone.Build.0 = Debug|iPhone
		{7933CD04-0D8E-40A2-B412-52955A7441D3}.Debug|iPhoneSimulator.ActiveCfg = Debug|iPhoneSimulator
		{7933CD04-0D8E-40A2-B412-52955A7441D3}.Debug|iPhoneSimulator.Build.0 = Debug|iPhoneSimulator
		{7933CD04-0D8E-40A2-B412-52955A7441D3}.Release|Any CPU.ActiveCfg = Release|iPhoneSimulator
		{7933CD04-0D8E-40A2-B412-52955A7441D3}.Release|Any CPU.Build.0 = Release|iPhoneSimulator
		{7933CD04-0D8E-40A2-B412-52955A7441D3}.Release|iPhone.ActiveCfg = Release|iPhone
		{7933CD04-0D8E-40A2-B412-52955A7441D3}.Release|iPhone.Build.0 = Release|iPhone
		{7933CD04-0D8E-40A2-B412-52955A7441D3}.Release|iPhoneSimulator.ActiveCfg = Release|iPhoneSimulator
		{7933CD04-0D8E-40A2-B412-52955A7441D3}.Release|iPhoneSimulator.Build.0 = Release|iPhoneSimulator
		{E6FE0613-F205-432B-8D44-AF22C115441B}.Ad-Hoc|iPhone.ActiveCfg = Release|Any CPU
		{E6FE0613-F205-432B-8D44-AF22C115441B}.Ad-Hoc|iPhone.Build.0 = Release|Any CPU
		{E6FE0613-F205-432B-8D44-AF22C115441B}.AppStore|iPhone.ActiveCfg = Release|Any CPU
		{E6FE0613-F205-432B-8D44-AF22C115441B}.AppStore|iPhone.Build.0 = Release|Any CPU
		{E6FE0613-F205-432B-8D44-AF22C115441B}.Debug|Any CPU.ActiveCfg = Debug|Any CPU
		{E6FE0613-F205-432B-8D44-AF22C115441B}.Debug|Any CPU.Build.0 = Debug|Any CPU
		{E6FE0613-F205-432B-8D44-AF22C115441B}.Debug|iPhone.ActiveCfg = Debug|Any CPU
		{E6FE0613-F205-432B-8D44-AF22C115441B}.Debug|iPhone.Build.0 = Debug|Any CPU
		{E6FE0613-F205-432B-8D44-AF22C115441B}.Debug|iPhoneSimulator.ActiveCfg = Debug|Any CPU
		{E6FE0613-F205-432B-8D44-AF22C115441B}.Debug|iPhoneSimulator.Build.0 = Debug|Any CPU
		{E6FE0613-F205-432B-8D44-AF22C115441B}.Release|Any CPU.ActiveCfg = Release|Any CPU
		{E6FE0613-F205-432B-8D44-AF22C115441B}.Release|Any CPU.Build.0 = Release|Any CPU
		{E6FE0613-F205-432B-8D44-AF22C115441B}.Release|iPhone.ActiveCfg = Release|Any CPU
		{E6FE0613-F205-432B-8D44-AF22C115441B}.Release|iPhone.Build.0 = Release|Any CPU
		{E6FE0613-F205-432B-8D44-AF22C115441B}.Release|iPhoneSimulator.ActiveCfg = Release|Any CPU
		{E6FE0613-F205-432B-8D44-AF22C115441B}.Release|iPhoneSimulator.Build.0 = Release|Any CPU
	EndGlobalSection
EndGlobal
